
Microsoft Visual Studio Solution File, Format Version 12.00
# Visual Studio Version 16
VisualStudioVersion = 16.0.30320.27
MinimumVisualStudioVersion = 10.0.40219.1
Project("{FAE04EC0-301F-11D3-BF4B-00C04F79EFBC}") = "ConsoleApp2", "ConsoleApp2.csproj", "{43108E96-3860-4566-800D-A7CFAF7B1A37}"
EndProject
Global
	GlobalSection(SolutionConfigurationPlatforms) = preSolution
		Debug|Any CPU = Debug|Any CPU
		Release|Any CPU = Release|Any CPU
	EndGlobalSection
	GlobalSection(ProjectConfigurationPlatforms) = postSolution
		{43108E96-3860-4566-800D-A7CFAF7B1A37}.Debug|Any CPU.ActiveCfg = Debug|Any CPU
		{43108E96-3860-4566-800D-A7CFAF7B1A37}.Debug|Any CPU.Build.0 = Debug|Any CPU
		{43108E96-3860-4566-800D-A7CFAF7B1A37}.Release|Any CPU.ActiveCfg = Release|Any CPU
		{43108E96-3860-4566-800D-A7CFAF7B1A37}.Release|Any CPU.Build.0 = Release|Any CPU
	EndGlobalSection
	GlobalSection(SolutionProperties) = preSolution
		HideSolutionNode = FALSE
	EndGlobalSection
	GlobalSection(ExtensibilityGlobals) = postSolution
		SolutionGuid = {490D6716-DC8C-46BB-B4BA-646E65985963}
	EndGlobalSection
EndGlobal
